{
  "version": "3",
  "packages": {
    "specifiers": {
      "jsr:@std/assert@^0.225.2": "jsr:@std/assert@0.225.3",
      "jsr:@std/cli": "jsr:@std/cli@0.224.6",
      "jsr:@std/path": "jsr:@std/path@0.225.1"
    },
    "jsr": {
      "@std/assert@0.225.3": {
        "integrity": "b3c2847aecf6955b50644cdb9cf072004ea3d1998dd7579fc0acb99dbb23bd4f"
      },
      "@std/cli@0.224.6": {
        "integrity": "98d7e17a70c1c24980baa2b9a511b29e0a460e7a3b8e3d4e220979d77d5f348e"
      },
      "@std/path@0.225.1": {
        "integrity": "8c3220635a73730eb51fe43de9e10b79e2724a5bb8638b9355d35ae012fd9429",
        "dependencies": [
          "jsr:@std/assert@^0.225.2"
        ]
      }
    }
  },
  "remote": {},
  "workspace": {
    "packageJson": {
      "dependencies": [
        "npm:@types/node@^20.12.10",
        "npm:tweetnacl@1.0.3",
        "npm:typedoc@^0.25.13",
        "npm:typescript@^5.4.5"
      ]
    }
  }
}
